{
  "gemfiles/modular/templating.gemfile:3018447732": [
    [14, 3, 47, "Bundler/DuplicatedGem: Gem `tree_sitter_language_pack` requirements already given on line 10 of the Gemfile.", 3843603197]
  ],
  "rubocop-ruby2_7.gemspec:3413933033": [
    [19, 32, 10, "Gemspec/RequiredRubyVersion: `required_ruby_version` and `TargetRubyVersion` (2.7, which may be specified in .rubocop.yml) should be equal.", 4072499287]
  ],
  "spec/rubocop/ruby2_7/version_spec.rb:4074736944": [
    [5, 1, 39, "RSpec/SpecFilePathFormat: Spec path should end with `rubocop/ruby27/version*_spec.rb`.", 583224324],
    [8, 3, 452, "RSpec/ExampleLength: Example has too many lines. [6/5]", 3362414781]
  ]
}
