{
  "rubocop-ruby2_7.gemspec:381650489": [
    [19, 32, 10, "Gemspec/RequiredRubyVersion: `required_ruby_version` and `TargetRubyVersion` (2.7, which may be specified in .rubocop.yml) should be equal.", 4072499287]
  ],
  "spec/rubocop/ruby2_7/version_spec.rb:1497226088": [
    [4, 1, 39, "RSpec/SpecFilePathFormat: Spec path should end with `rubocop/ruby27/version*_spec.rb`.", 583224324],
    [7, 3, 452, "RSpec/ExampleLength: Example has too many lines. [6/5]", 3362414781]
  ]
}
